
Microsoft Visual Studio Solution File, Format Version 12.00
# Visual Studio Version 16
VisualStudioVersion = 16.0.31112.23
MinimumVisualStudioVersion = 10.0.40219.1
Project("{9A19103F-16F7-4668-BE54-9A1E7A4F7556}") = "Progetto_finale", "Progetto_finale\Progetto_finale.csproj", "{FEA8D644-DFD3-4EC4-886B-D38ECD02F7BB}"
EndProject
Global
	GlobalSection(SolutionConfigurationPlatforms) = preSolution
		Debug|Any CPU = Debug|Any CPU
		Debug|x64 = Debug|x64
		Progetto_finale|Any CPU = Progetto_finale|Any CPU
		Progetto_finale|x64 = Progetto_finale|x64
		Release|Any CPU = Release|Any CPU
		Release|x64 = Release|x64
	EndGlobalSection
	GlobalSection(ProjectConfigurationPlatforms) = postSolution
		{FEA8D644-DFD3-4EC4-886B-D38ECD02F7BB}.Debug|Any CPU.ActiveCfg = Debug|Any CPU
		{FEA8D644-DFD3-4EC4-886B-D38ECD02F7BB}.Debug|Any CPU.Build.0 = Debug|Any CPU
		{FEA8D644-DFD3-4EC4-886B-D38ECD02F7BB}.Debug|x64.ActiveCfg = Debug|x64
		{FEA8D644-DFD3-4EC4-886B-D38ECD02F7BB}.Debug|x64.Build.0 = Debug|x64
		{FEA8D644-DFD3-4EC4-886B-D38ECD02F7BB}.Progetto_finale|Any CPU.ActiveCfg = Progetto_finale|Any CPU
		{FEA8D644-DFD3-4EC4-886B-D38ECD02F7BB}.Progetto_finale|Any CPU.Build.0 = Progetto_finale|Any CPU
		{FEA8D644-DFD3-4EC4-886B-D38ECD02F7BB}.Progetto_finale|x64.ActiveCfg = Progetto_finale|x64
		{FEA8D644-DFD3-4EC4-886B-D38ECD02F7BB}.Progetto_finale|x64.Build.0 = Progetto_finale|x64
		{FEA8D644-DFD3-4EC4-886B-D38ECD02F7BB}.Release|Any CPU.ActiveCfg = Release|Any CPU
		{FEA8D644-DFD3-4EC4-886B-D38ECD02F7BB}.Release|Any CPU.Build.0 = Release|Any CPU
		{FEA8D644-DFD3-4EC4-886B-D38ECD02F7BB}.Release|x64.ActiveCfg = Release|x64
		{FEA8D644-DFD3-4EC4-886B-D38ECD02F7BB}.Release|x64.Build.0 = Release|x64
	EndGlobalSection
	GlobalSection(SolutionProperties) = preSolution
		HideSolutionNode = FALSE
	EndGlobalSection
	GlobalSection(ExtensibilityGlobals) = postSolution
		SolutionGuid = {4B712970-9AA0-462F-A1FE-E99194072A96}
	EndGlobalSection
EndGlobal
